<?xml version="1.0" encoding="utf-8"?>
<Project ToolsVersion="4.0" xmlns="http://schemas.microsoft.com/developer/msbuild/2003">
  <ItemGroup>
    <Filter Include="Source Files">
      <UniqueIdentifier>{4FC737F1-C7A5-4376-A066-2A32D752A2FF}</UniqueIdentifier>
      <Extensions>cpp;c;cc;cxx;def;odl;idl;hpj;bat;asm;asmx</Extensions>
    </Filter>
    <Filter Include="Header Files">
      <UniqueIdentifier>{93995380-89BD-4b04-88EB-625FBE52EBFB}</UniqueIdentifier>
      <Extensions>h;hh;hpp;hxx;hm;inl;inc;xsd</Extensions>
    </Filter>
    <Filter Include="Resource Files">
      <UniqueIdentifier>{67DA6AB6-F800-4c08-8B7A-83BB121AAD01}</UniqueIdentifier>
      <Extensions>rc;ico;cur;bmp;dlg;rc2;rct;bin;rgs;gif;jpg;jpeg;jpe;resx;tiff;tif;png;wav;mfcribbon-ms</Extensions>
    </Filter>
    <Filter Include="Source Files\frameui">
      <UniqueIdentifier>{740bd657-7344-41c8-9de8-cbebe93f695a}</UniqueIdentifier>
    </Filter>
    <Filter Include="Header Files\frameui">
      <UniqueIdentifier>{5edd65e5-6e61-4dbb-9552-bcfdfc2c1a25}</UniqueIdentifier>
    </Filter>
  </ItemGroup>
  <ItemGroup>
    <ClCompile Include="main.cpp">
      <Filter>Source Files</Filter>
    </ClCompile>
    <ClCompile Include="common.cpp">
      <Filter>Source Files</Filter>
    </ClCompile>
    <ClCompile Include="file.cpp">
      <Filter>Source Files</Filter>
    </ClCompile>
    <ClCompile Include="json.cpp">
      <Filter>Source Files</Filter>
    </ClCompile>
    <ClCompile Include="path.cpp">
      <Filter>Source Files</Filter>
    </ClCompile>
    <ClCompile Include="checksum.cpp">
      <Filter>Source Files</Filter>
    </ClCompile>
    <ClCompile Include="http.cpp">
      <Filter>Source Files</Filter>
    </ClCompile>
    <ClCompile Include="url.cpp">
      <Filter>Source Files</Filter>
    </ClCompile>
    <ClCompile Include="vod.cpp">
      <Filter>Source Files</Filter>
    </ClCompile>
    <ClCompile Include="match.cpp">
      <Filter>Source Files</Filter>
    </ClCompile>
    <ClCompile Include="frameui\controlframes.cpp">
      <Filter>Source Files\frameui</Filter>
    </ClCompile>
    <ClCompile Include="frameui\fontsys.cpp">
      <Filter>Source Files\frameui</Filter>
    </ClCompile>
    <ClCompile Include="frameui\frame.cpp">
      <Filter>Source Files\frameui</Filter>
    </ClCompile>
    <ClCompile Include="frameui\framewnd.cpp">
      <Filter>Source Files\frameui</Filter>
    </ClCompile>
    <ClCompile Include="frameui\searchlist.cpp">
      <Filter>Source Files\frameui</Filter>
    </ClCompile>
    <ClCompile Include="frameui\window.cpp">
      <Filter>Source Files\frameui</Filter>
    </ClCompile>
    <ClCompile Include="chunkqueue.cpp">
      <Filter>Source Files</Filter>
    </ClCompile>
    <ClCompile Include="winmain.cpp">
      <Filter>Source Files</Filter>
    </ClCompile>
  </ItemGroup>
  <ItemGroup>
    <ClInclude Include="common.h">
      <Filter>Header Files</Filter>
    </ClInclude>
    <ClInclude Include="file.h">
      <Filter>Header Files</Filter>
    </ClInclude>
    <ClInclude Include="types.h">
      <Filter>Header Files</Filter>
    </ClInclude>
    <ClInclude Include="json.h">
      <Filter>Header Files</Filter>
    </ClInclude>
    <ClInclude Include="path.h">
      <Filter>Header Files</Filter>
    </ClInclude>
    <ClInclude Include="checksum.h">
      <Filter>Header Files</Filter>
    </ClInclude>
    <ClInclude Include="http.h">
      <Filter>Header Files</Filter>
    </ClInclude>
    <ClInclude Include="url.h">
      <Filter>Header Files</Filter>
    </ClInclude>
    <ClInclude Include="vod.h">
      <Filter>Header Files</Filter>
    </ClInclude>
    <ClInclude Include="match.h">
      <Filter>Header Files</Filter>
    </ClInclude>
    <ClInclude Include="queue.h">
      <Filter>Header Files</Filter>
    </ClInclude>
    <ClInclude Include="frameui\controlframes.h">
      <Filter>Header Files\frameui</Filter>
    </ClInclude>
    <ClInclude Include="frameui\fontsys.h">
      <Filter>Header Files\frameui</Filter>
    </ClInclude>
    <ClInclude Include="frameui\frame.h">
      <Filter>Header Files\frameui</Filter>
    </ClInclude>
    <ClInclude Include="frameui\framewnd.h">
      <Filter>Header Files\frameui</Filter>
    </ClInclude>
    <ClInclude Include="frameui\searchlist.h">
      <Filter>Header Files\frameui</Filter>
    </ClInclude>
    <ClInclude Include="frameui\window.h">
      <Filter>Header Files\frameui</Filter>
    </ClInclude>
    <ClInclude Include="chunkqueue.h">
      <Filter>Header Files</Filter>
    </ClInclude>
    <ClInclude Include="resource.h">
      <Filter>Header Files</Filter>
    </ClInclude>
  </ItemGroup>
  <ItemGroup>
    <ResourceCompile Include="VodScanner.rc">
      <Filter>Resource Files</Filter>
    </ResourceCompile>
  </ItemGroup>
  <ItemGroup>
    <Image Include="Overwatch_107.ico">
      <Filter>Resource Files</Filter>
    </Image>
  </ItemGroup>
</Project>